
Microsoft Visual Studio Solution File, Format Version 12.00
# Visual Studio Version 17
VisualStudioVersion = 17.0.31903.59
MinimumVisualStudioVersion = 10.0.40219.1
Project("{FAE04EC0-301F-11D3-BF4B-00C04F79EFBC}") = "ForIteration", "ForIteration\ForIteration.csproj", "{905F51D1-F727-432B-A3D6-2DC663D5688C}"
EndProject
Project("{FAE04EC0-301F-11D3-BF4B-00C04F79EFBC}") = "UnderstandingArrays", "UnderstandingArrays\UnderstandingArrays.csproj", "{9C16D755-CA80-4136-B798-CF3ABF704EC5}"
EndProject
Project("{FAE04EC0-301F-11D3-BF4B-00C04F79EFBC}") = "Arrays", "Arrays\Arrays.csproj", "{EFD38FC9-293C-4F4F-9185-DC033481B8F8}"
EndProject
Project("{FAE04EC0-301F-11D3-BF4B-00C04F79EFBC}") = "SimpleMethod", "SimpleMethod\SimpleMethod.csproj", "{7E238974-5E37-4904-9D08-8D78C7FCB533}"
EndProject
Project("{FAE04EC0-301F-11D3-BF4B-00C04F79EFBC}") = "WhileIteration", "WhileIteration\WhileIteration.csproj", "{F4C99583-44AD-4904-92E5-70DFE77F44A5}"
EndProject
Project("{FAE04EC0-301F-11D3-BF4B-00C04F79EFBC}") = "WorkingWithStrings", "WorkingWithStrings\WorkingWithStrings.csproj", "{82D27890-FD41-45AA-A282-9AF02E612E9D}"
EndProject
Global
	GlobalSection(SolutionConfigurationPlatforms) = preSolution
		Debug|Any CPU = Debug|Any CPU
		Debug|x64 = Debug|x64
		Debug|x86 = Debug|x86
		Release|Any CPU = Release|Any CPU
		Release|x64 = Release|x64
		Release|x86 = Release|x86
	EndGlobalSection
	GlobalSection(ProjectConfigurationPlatforms) = postSolution
		{905F51D1-F727-432B-A3D6-2DC663D5688C}.Debug|Any CPU.ActiveCfg = Debug|Any CPU
		{905F51D1-F727-432B-A3D6-2DC663D5688C}.Debug|Any CPU.Build.0 = Debug|Any CPU
		{905F51D1-F727-432B-A3D6-2DC663D5688C}.Debug|x64.ActiveCfg = Debug|Any CPU
		{905F51D1-F727-432B-A3D6-2DC663D5688C}.Debug|x64.Build.0 = Debug|Any CPU
		{905F51D1-F727-432B-A3D6-2DC663D5688C}.Debug|x86.ActiveCfg = Debug|Any CPU
		{905F51D1-F727-432B-A3D6-2DC663D5688C}.Debug|x86.Build.0 = Debug|Any CPU
		{905F51D1-F727-432B-A3D6-2DC663D5688C}.Release|Any CPU.ActiveCfg = Release|Any CPU
		{905F51D1-F727-432B-A3D6-2DC663D5688C}.Release|Any CPU.Build.0 = Release|Any CPU
		{905F51D1-F727-432B-A3D6-2DC663D5688C}.Release|x64.ActiveCfg = Release|Any CPU
		{905F51D1-F727-432B-A3D6-2DC663D5688C}.Release|x64.Build.0 = Release|Any CPU
		{905F51D1-F727-432B-A3D6-2DC663D5688C}.Release|x86.ActiveCfg = Release|Any CPU
		{905F51D1-F727-432B-A3D6-2DC663D5688C}.Release|x86.Build.0 = Release|Any CPU
		{9C16D755-CA80-4136-B798-CF3ABF704EC5}.Debug|Any CPU.ActiveCfg = Debug|Any CPU
		{9C16D755-CA80-4136-B798-CF3ABF704EC5}.Debug|Any CPU.Build.0 = Debug|Any CPU
		{9C16D755-CA80-4136-B798-CF3ABF704EC5}.Debug|x64.ActiveCfg = Debug|Any CPU
		{9C16D755-CA80-4136-B798-CF3ABF704EC5}.Debug|x64.Build.0 = Debug|Any CPU
		{9C16D755-CA80-4136-B798-CF3ABF704EC5}.Debug|x86.ActiveCfg = Debug|Any CPU
		{9C16D755-CA80-4136-B798-CF3ABF704EC5}.Debug|x86.Build.0 = Debug|Any CPU
		{9C16D755-CA80-4136-B798-CF3ABF704EC5}.Release|Any CPU.ActiveCfg = Release|Any CPU
		{9C16D755-CA80-4136-B798-CF3ABF704EC5}.Release|Any CPU.Build.0 = Release|Any CPU
		{9C16D755-CA80-4136-B798-CF3ABF704EC5}.Release|x64.ActiveCfg = Release|Any CPU
		{9C16D755-CA80-4136-B798-CF3ABF704EC5}.Release|x64.Build.0 = Release|Any CPU
		{9C16D755-CA80-4136-B798-CF3ABF704EC5}.Release|x86.ActiveCfg = Release|Any CPU
		{9C16D755-CA80-4136-B798-CF3ABF704EC5}.Release|x86.Build.0 = Release|Any CPU
		{EFD38FC9-293C-4F4F-9185-DC033481B8F8}.Debug|Any CPU.ActiveCfg = Debug|Any CPU
		{EFD38FC9-293C-4F4F-9185-DC033481B8F8}.Debug|Any CPU.Build.0 = Debug|Any CPU
		{EFD38FC9-293C-4F4F-9185-DC033481B8F8}.Debug|x64.ActiveCfg = Debug|Any CPU
		{EFD38FC9-293C-4F4F-9185-DC033481B8F8}.Debug|x64.Build.0 = Debug|Any CPU
		{EFD38FC9-293C-4F4F-9185-DC033481B8F8}.Debug|x86.ActiveCfg = Debug|Any CPU
		{EFD38FC9-293C-4F4F-9185-DC033481B8F8}.Debug|x86.Build.0 = Debug|Any CPU
		{EFD38FC9-293C-4F4F-9185-DC033481B8F8}.Release|Any CPU.ActiveCfg = Release|Any CPU
		{EFD38FC9-293C-4F4F-9185-DC033481B8F8}.Release|Any CPU.Build.0 = Release|Any CPU
		{EFD38FC9-293C-4F4F-9185-DC033481B8F8}.Release|x64.ActiveCfg = Release|Any CPU
		{EFD38FC9-293C-4F4F-9185-DC033481B8F8}.Release|x64.Build.0 = Release|Any CPU
		{EFD38FC9-293C-4F4F-9185-DC033481B8F8}.Release|x86.ActiveCfg = Release|Any CPU
		{EFD38FC9-293C-4F4F-9185-DC033481B8F8}.Release|x86.Build.0 = Release|Any CPU
		{7E238974-5E37-4904-9D08-8D78C7FCB533}.Debug|Any CPU.ActiveCfg = Debug|Any CPU
		{7E238974-5E37-4904-9D08-8D78C7FCB533}.Debug|Any CPU.Build.0 = Debug|Any CPU
		{7E238974-5E37-4904-9D08-8D78C7FCB533}.Debug|x64.ActiveCfg = Debug|Any CPU
		{7E238974-5E37-4904-9D08-8D78C7FCB533}.Debug|x64.Build.0 = Debug|Any CPU
		{7E238974-5E37-4904-9D08-8D78C7FCB533}.Debug|x86.ActiveCfg = Debug|Any CPU
		{7E238974-5E37-4904-9D08-8D78C7FCB533}.Debug|x86.Build.0 = Debug|Any CPU
		{7E238974-5E37-4904-9D08-8D78C7FCB533}.Release|Any CPU.ActiveCfg = Release|Any CPU
		{7E238974-5E37-4904-9D08-8D78C7FCB533}.Release|Any CPU.Build.0 = Release|Any CPU
		{7E238974-5E37-4904-9D08-8D78C7FCB533}.Release|x64.ActiveCfg = Release|Any CPU
		{7E238974-5E37-4904-9D08-8D78C7FCB533}.Release|x64.Build.0 = Release|Any CPU
		{7E238974-5E37-4904-9D08-8D78C7FCB533}.Release|x86.ActiveCfg = Release|Any CPU
		{7E238974-5E37-4904-9D08-8D78C7FCB533}.Release|x86.Build.0 = Release|Any CPU
		{F4C99583-44AD-4904-92E5-70DFE77F44A5}.Debug|Any CPU.ActiveCfg = Debug|Any CPU
		{F4C99583-44AD-4904-92E5-70DFE77F44A5}.Debug|Any CPU.Build.0 = Debug|Any CPU
		{F4C99583-44AD-4904-92E5-70DFE77F44A5}.Debug|x64.ActiveCfg = Debug|Any CPU
		{F4C99583-44AD-4904-92E5-70DFE77F44A5}.Debug|x64.Build.0 = Debug|Any CPU
		{F4C99583-44AD-4904-92E5-70DFE77F44A5}.Debug|x86.ActiveCfg = Debug|Any CPU
		{F4C99583-44AD-4904-92E5-70DFE77F44A5}.Debug|x86.Build.0 = Debug|Any CPU
		{F4C99583-44AD-4904-92E5-70DFE77F44A5}.Release|Any CPU.ActiveCfg = Release|Any CPU
		{F4C99583-44AD-4904-92E5-70DFE77F44A5}.Release|Any CPU.Build.0 = Release|Any CPU
		{F4C99583-44AD-4904-92E5-70DFE77F44A5}.Release|x64.ActiveCfg = Release|Any CPU
		{F4C99583-44AD-4904-92E5-70DFE77F44A5}.Release|x64.Build.0 = Release|Any CPU
		{F4C99583-44AD-4904-92E5-70DFE77F44A5}.Release|x86.ActiveCfg = Release|Any CPU
		{F4C99583-44AD-4904-92E5-70DFE77F44A5}.Release|x86.Build.0 = Release|Any CPU
		{82D27890-FD41-45AA-A282-9AF02E612E9D}.Debug|Any CPU.ActiveCfg = Debug|Any CPU
		{82D27890-FD41-45AA-A282-9AF02E612E9D}.Debug|Any CPU.Build.0 = Debug|Any CPU
		{82D27890-FD41-45AA-A282-9AF02E612E9D}.Debug|x64.ActiveCfg = Debug|Any CPU
		{82D27890-FD41-45AA-A282-9AF02E612E9D}.Debug|x64.Build.0 = Debug|Any CPU
		{82D27890-FD41-45AA-A282-9AF02E612E9D}.Debug|x86.ActiveCfg = Debug|Any CPU
		{82D27890-FD41-45AA-A282-9AF02E612E9D}.Debug|x86.Build.0 = Debug|Any CPU
		{82D27890-FD41-45AA-A282-9AF02E612E9D}.Release|Any CPU.ActiveCfg = Release|Any CPU
		{82D27890-FD41-45AA-A282-9AF02E612E9D}.Release|Any CPU.Build.0 = Release|Any CPU
		{82D27890-FD41-45AA-A282-9AF02E612E9D}.Release|x64.ActiveCfg = Release|Any CPU
		{82D27890-FD41-45AA-A282-9AF02E612E9D}.Release|x64.Build.0 = Release|Any CPU
		{82D27890-FD41-45AA-A282-9AF02E612E9D}.Release|x86.ActiveCfg = Release|Any CPU
		{82D27890-FD41-45AA-A282-9AF02E612E9D}.Release|x86.Build.0 = Release|Any CPU
	EndGlobalSection
	GlobalSection(SolutionProperties) = preSolution
		HideSolutionNode = FALSE
	EndGlobalSection
EndGlobal
